
Microsoft Visual Studio Solution File, Format Version 12.00
# Visual Studio Version 17
VisualStudioVersion = 17.5.002.0
MinimumVisualStudioVersion = 10.0.40219.1
Project("{9A19103F-16F7-4668-BE54-9A1E7A4F7556}") = "4- questão", "4- questão.csproj", "{45C7E6F0-5EB6-46D7-9BFA-F7FCB59A5CBA}"
EndProject
Global
	GlobalSection(SolutionConfigurationPlatforms) = preSolution
		Debug|Any CPU = Debug|Any CPU
		Release|Any CPU = Release|Any CPU
	EndGlobalSection
	GlobalSection(ProjectConfigurationPlatforms) = postSolution
		{45C7E6F0-5EB6-46D7-9BFA-F7FCB59A5CBA}.Debug|Any CPU.ActiveCfg = Debug|Any CPU
		{45C7E6F0-5EB6-46D7-9BFA-F7FCB59A5CBA}.Debug|Any CPU.Build.0 = Debug|Any CPU
		{45C7E6F0-5EB6-46D7-9BFA-F7FCB59A5CBA}.Release|Any CPU.ActiveCfg = Release|Any CPU
		{45C7E6F0-5EB6-46D7-9BFA-F7FCB59A5CBA}.Release|Any CPU.Build.0 = Release|Any CPU
	EndGlobalSection
	GlobalSection(SolutionProperties) = preSolution
		HideSolutionNode = FALSE
	EndGlobalSection
	GlobalSection(ExtensibilityGlobals) = postSolution
		SolutionGuid = {8E6E002B-45CE-43E4-87E7-EDC3976A8BFE}
	EndGlobalSection
EndGlobal
